
Microsoft Visual Studio Solution File, Format Version 12.00
# Visual Studio Version 17
VisualStudioVersion = 17.14.36429.23 d17.14
MinimumVisualStudioVersion = 10.0.40219.1
Project("{FAE04EC0-301F-11D3-BF4B-00C04F79EFBC}") = "BigRedButton", "BigRedButton\BigRedButton.csproj", "{D33A79B6-0BE7-4925-B1A1-5A960F041D23}"
EndProject
Global
	GlobalSection(SolutionConfigurationPlatforms) = preSolution
		Debug|Any CPU = Debug|Any CPU
		Release|Any CPU = Release|Any CPU
	EndGlobalSection
	GlobalSection(ProjectConfigurationPlatforms) = postSolution
		{D33A79B6-0BE7-4925-B1A1-5A960F041D23}.Debug|Any CPU.ActiveCfg = Debug|Any CPU
		{D33A79B6-0BE7-4925-B1A1-5A960F041D23}.Debug|Any CPU.Build.0 = Debug|Any CPU
		{D33A79B6-0BE7-4925-B1A1-5A960F041D23}.Release|Any CPU.ActiveCfg = Release|Any CPU
		{D33A79B6-0BE7-4925-B1A1-5A960F041D23}.Release|Any CPU.Build.0 = Release|Any CPU
	EndGlobalSection
	GlobalSection(SolutionProperties) = preSolution
		HideSolutionNode = FALSE
	EndGlobalSection
	GlobalSection(ExtensibilityGlobals) = postSolution
		SolutionGuid = {A5A4A44D-E27E-464A-965A-D74085B6C787}
	EndGlobalSection
EndGlobal
